
Microsoft Visual Studio Solution File, Format Version 12.00
# Visual Studio Version 16
VisualStudioVersion = 16.0.29519.87
MinimumVisualStudioVersion = 10.0.40219.1
Project("{FAE04EC0-301F-11D3-BF4B-00C04F79EFBC}") = "CircleRandomPoint", "CircleRandomPoint\CircleRandomPoint.csproj", "{E9841B42-6ACB-4EAD-B042-6DB44BC7BDDA}"
EndProject
Global
	GlobalSection(SolutionConfigurationPlatforms) = preSolution
		Debug|Any CPU = Debug|Any CPU
		Debug|x64 = Debug|x64
		Release|Any CPU = Release|Any CPU
		Release|x64 = Release|x64
	EndGlobalSection
	GlobalSection(ProjectConfigurationPlatforms) = postSolution
		{E9841B42-6ACB-4EAD-B042-6DB44BC7BDDA}.Debug|Any CPU.ActiveCfg = Debug|Any CPU
		{E9841B42-6ACB-4EAD-B042-6DB44BC7BDDA}.Debug|Any CPU.Build.0 = Debug|Any CPU
		{E9841B42-6ACB-4EAD-B042-6DB44BC7BDDA}.Debug|x64.ActiveCfg = Debug|x64
		{E9841B42-6ACB-4EAD-B042-6DB44BC7BDDA}.Debug|x64.Build.0 = Debug|x64
		{E9841B42-6ACB-4EAD-B042-6DB44BC7BDDA}.Release|Any CPU.ActiveCfg = Release|Any CPU
		{E9841B42-6ACB-4EAD-B042-6DB44BC7BDDA}.Release|Any CPU.Build.0 = Release|Any CPU
		{E9841B42-6ACB-4EAD-B042-6DB44BC7BDDA}.Release|x64.ActiveCfg = Release|Any CPU
		{E9841B42-6ACB-4EAD-B042-6DB44BC7BDDA}.Release|x64.Build.0 = Release|Any CPU
	EndGlobalSection
	GlobalSection(SolutionProperties) = preSolution
		HideSolutionNode = FALSE
	EndGlobalSection
	GlobalSection(ExtensibilityGlobals) = postSolution
		SolutionGuid = {70FCE629-3854-44CA-976F-CC12677E3DA2}
	EndGlobalSection
EndGlobal
